
Microsoft Visual Studio Solution File, Format Version 12.00
# Visual Studio Version 16
VisualStudioVersion = 16.0.30114.105
MinimumVisualStudioVersion = 10.0.40219.1
Project("{FAE04EC0-301F-11D3-BF4B-00C04F79EFBC}") = "BethanysPieShopHRM.Server", "BethanysPieShopHRM.Server\BethanysPieShopHRM.Server.csproj", "{455FBCDE-0E3A-4255-9C81-8554A3765712}"
EndProject
Project("{9A19103F-16F7-4668-BE54-9A1E7A4F7556}") = "BethanysPieShopHRM.Shared", "BethanysPieShopHRM.Shared\BethanysPieShopHRM.Shared.csproj", "{062932C1-68C0-436F-A0F1-E93FB72B1152}"
EndProject
Global
	GlobalSection(SolutionConfigurationPlatforms) = preSolution
		Debug|Any CPU = Debug|Any CPU
		Release|Any CPU = Release|Any CPU
	EndGlobalSection
	GlobalSection(ProjectConfigurationPlatforms) = postSolution
		{455FBCDE-0E3A-4255-9C81-8554A3765712}.Debug|Any CPU.ActiveCfg = Debug|Any CPU
		{455FBCDE-0E3A-4255-9C81-8554A3765712}.Debug|Any CPU.Build.0 = Debug|Any CPU
		{455FBCDE-0E3A-4255-9C81-8554A3765712}.Release|Any CPU.ActiveCfg = Release|Any CPU
		{455FBCDE-0E3A-4255-9C81-8554A3765712}.Release|Any CPU.Build.0 = Release|Any CPU
		{062932C1-68C0-436F-A0F1-E93FB72B1152}.Debug|Any CPU.ActiveCfg = Debug|Any CPU
		{062932C1-68C0-436F-A0F1-E93FB72B1152}.Debug|Any CPU.Build.0 = Debug|Any CPU
		{062932C1-68C0-436F-A0F1-E93FB72B1152}.Release|Any CPU.ActiveCfg = Release|Any CPU
		{062932C1-68C0-436F-A0F1-E93FB72B1152}.Release|Any CPU.Build.0 = Release|Any CPU
	EndGlobalSection
	GlobalSection(SolutionProperties) = preSolution
		HideSolutionNode = FALSE
	EndGlobalSection
	GlobalSection(ExtensibilityGlobals) = postSolution
		SolutionGuid = {C2855FEB-F4DD-4AAC-8D3A-0FC59981768B}
	EndGlobalSection
EndGlobal
